
Microsoft Visual Studio Solution File, Format Version 12.00
# Visual Studio Version 17
VisualStudioVersion = 17.7.34018.315
MinimumVisualStudioVersion = 10.0.40219.1
Project("{FAE04EC0-301F-11D3-BF4B-00C04F79EFBC}") = "PRIME3", "PRIME3.csproj", "{DDA48C31-BA10-4DF7-ACF4-0708A363BF0B}"
EndProject
Global
	GlobalSection(SolutionConfigurationPlatforms) = preSolution
		Debug|Any CPU = Debug|Any CPU
		Release|Any CPU = Release|Any CPU
	EndGlobalSection
	GlobalSection(ProjectConfigurationPlatforms) = postSolution
		{DDA48C31-BA10-4DF7-ACF4-0708A363BF0B}.Debug|Any CPU.ActiveCfg = Debug|Any CPU
		{DDA48C31-BA10-4DF7-ACF4-0708A363BF0B}.Debug|Any CPU.Build.0 = Debug|Any CPU
		{DDA48C31-BA10-4DF7-ACF4-0708A363BF0B}.Release|Any CPU.ActiveCfg = Release|Any CPU
		{DDA48C31-BA10-4DF7-ACF4-0708A363BF0B}.Release|Any CPU.Build.0 = Release|Any CPU
	EndGlobalSection
	GlobalSection(SolutionProperties) = preSolution
		HideSolutionNode = FALSE
	EndGlobalSection
	GlobalSection(ExtensibilityGlobals) = postSolution
		SolutionGuid = {CB0C331D-3075-489D-AEA9-FE5B23D2205F}
	EndGlobalSection
EndGlobal
